<?xml version="1.0" encoding="utf-8"?>
<Project ToolsVersion="4.0" xmlns="http://schemas.microsoft.com/developer/msbuild/2003">
  <ItemGroup>
    <Filter Include="Source Files">
      <UniqueIdentifier>{4FC737F1-C7A5-4376-A066-2A32D752A2FF}</UniqueIdentifier>
      <Extensions>cpp;c;cc;cxx;c++;cppm;ixx;def;odl;idl;hpj;bat;asm;asmx</Extensions>
    </Filter>
    <Filter Include="Header Files">
      <UniqueIdentifier>{93995380-89BD-4b04-88EB-625FBE52EBFB}</UniqueIdentifier>
      <Extensions>h;hh;hpp;hxx;h++;hm;inl;inc;ipp;xsd</Extensions>
    </Filter>
    <Filter Include="Resource Files">
      <UniqueIdentifier>{67DA6AB6-F800-4c08-8B7A-83BB121AAD01}</UniqueIdentifier>
      <Extensions>rc;ico;cur;bmp;dlg;rc2;rct;bin;rgs;gif;jpg;jpeg;jpe;resx;tiff;tif;png;wav;mfcribbon-ms</Extensions>
    </Filter>
  </ItemGroup>
  <ItemGroup>
    <ClCompile Include="AbstractKMP.cpp">
      <Filter>Source Files</Filter>
    </ClCompile>
    <ClCompile Include="CommonTypes.cpp">
      <Filter>Source Files</Filter>
    </ClCompile>
    <ClCompile Include="KMP.cpp">
      <Filter>Source Files</Filter>
    </ClCompile>
    <ClCompile Include="main.cpp">
      <Filter>Source Files</Filter>
    </ClCompile>
    <ClCompile Include="Sections\AreaPoint.cpp">
      <Filter>Source Files</Filter>
    </ClCompile>
    <ClCompile Include="Sections\Camera.cpp">
      <Filter>Source Files</Filter>
    </ClCompile>
    <ClCompile Include="Sections\CannonPoint.cpp">
      <Filter>Source Files</Filter>
    </ClCompile>
    <ClCompile Include="Sections\CheckPath.cpp">
      <Filter>Source Files</Filter>
    </ClCompile>
    <ClCompile Include="Sections\CheckPoint.cpp">
      <Filter>Source Files</Filter>
    </ClCompile>
    <ClCompile Include="Sections\CourseSect.cpp">
      <Filter>Source Files</Filter>
    </ClCompile>
    <ClCompile Include="Sections\EnemyPath.cpp">
      <Filter>Source Files</Filter>
    </ClCompile>
    <ClCompile Include="Sections\EnemyPoint.cpp">
      <Filter>Source Files</Filter>
    </ClCompile>
    <ClCompile Include="Sections\GliderPath.cpp">
      <Filter>Source Files</Filter>
    </ClCompile>
    <ClCompile Include="Sections\GliderPoint.cpp">
      <Filter>Source Files</Filter>
    </ClCompile>
    <ClCompile Include="Sections\GlobalObject.cpp">
      <Filter>Source Files</Filter>
    </ClCompile>
    <ClCompile Include="Sections\ItemPath.cpp">
      <Filter>Source Files</Filter>
    </ClCompile>
    <ClCompile Include="Sections\ItemPoint.cpp">
      <Filter>Source Files</Filter>
    </ClCompile>
    <ClCompile Include="Sections\JugemPoint.cpp">
      <Filter>Source Files</Filter>
    </ClCompile>
    <ClCompile Include="Sections\KartPoint.cpp">
      <Filter>Source Files</Filter>
    </ClCompile>
    <ClCompile Include="Sections\MissionPoint.cpp">
      <Filter>Source Files</Filter>
    </ClCompile>
    <ClCompile Include="Sections\PointInfo.cpp">
      <Filter>Source Files</Filter>
    </ClCompile>
    <ClCompile Include="Sections\StageInfo.cpp">
      <Filter>Source Files</Filter>
    </ClCompile>
    <ClCompile Include="AbstractKMP\Area.cpp">
      <Filter>Source Files</Filter>
    </ClCompile>
    <ClCompile Include="AbstractKMP\CameraPoints.cpp">
      <Filter>Source Files</Filter>
    </ClCompile>
    <ClCompile Include="AbstractKMP\CheckPoints.cpp">
      <Filter>Source Files</Filter>
    </ClCompile>
    <ClCompile Include="AbstractKMP\EnemyRoutes.cpp">
      <Filter>Source Files</Filter>
    </ClCompile>
    <ClCompile Include="AbstractKMP\GliderRoutes.cpp">
      <Filter>Source Files</Filter>
    </ClCompile>
    <ClCompile Include="AbstractKMP\ItemRoutes.cpp">
      <Filter>Source Files</Filter>
    </ClCompile>
    <ClCompile Include="AbstractKMP\KartPoints.cpp">
      <Filter>Source Files</Filter>
    </ClCompile>
    <ClCompile Include="AbstractKMP\Objects.cpp">
      <Filter>Source Files</Filter>
    </ClCompile>
    <ClCompile Include="AbstractKMP\RespawnPoints.cpp">
      <Filter>Source Files</Filter>
    </ClCompile>
    <ClCompile Include="AbstractKMP\Routes.cpp">
      <Filter>Source Files</Filter>
    </ClCompile>
    <ClCompile Include="AbstractKMP\StageInfo.cpp">
      <Filter>Source Files</Filter>
    </ClCompile>
    <ClCompile Include="AbstractKMP\StageSettings.cpp">
      <Filter>Source Files</Filter>
    </ClCompile>
  </ItemGroup>
  <ItemGroup>
    <ClInclude Include="AbstractKMP.h">
      <Filter>Header Files</Filter>
    </ClInclude>
    <ClInclude Include="AbstractKMPSections.h">
      <Filter>Header Files</Filter>
    </ClInclude>
    <ClInclude Include="CommonTypes.h">
      <Filter>Header Files</Filter>
    </ClInclude>
    <ClInclude Include="KMP.h">
      <Filter>Header Files</Filter>
    </ClInclude>
    <ClInclude Include="KMPSections.h">
      <Filter>Header Files</Filter>
    </ClInclude>
    <ClInclude Include="Sections\AreaPoint.h">
      <Filter>Header Files</Filter>
    </ClInclude>
    <ClInclude Include="Sections\Camera.h">
      <Filter>Header Files</Filter>
    </ClInclude>
    <ClInclude Include="Sections\CannonPoint.h">
      <Filter>Header Files</Filter>
    </ClInclude>
    <ClInclude Include="Sections\CheckPath.h">
      <Filter>Header Files</Filter>
    </ClInclude>
    <ClInclude Include="Sections\CheckPoint.h">
      <Filter>Header Files</Filter>
    </ClInclude>
    <ClInclude Include="Sections\CourseSect.h">
      <Filter>Header Files</Filter>
    </ClInclude>
    <ClInclude Include="Sections\EnemyPath.h">
      <Filter>Header Files</Filter>
    </ClInclude>
    <ClInclude Include="Sections\EnemyPoint.h">
      <Filter>Header Files</Filter>
    </ClInclude>
    <ClInclude Include="Sections\GliderPath.h">
      <Filter>Header Files</Filter>
    </ClInclude>
    <ClInclude Include="Sections\GliderPoint.h">
      <Filter>Header Files</Filter>
    </ClInclude>
    <ClInclude Include="Sections\GlobalObject.h">
      <Filter>Header Files</Filter>
    </ClInclude>
    <ClInclude Include="Sections\ItemPath.h">
      <Filter>Header Files</Filter>
    </ClInclude>
    <ClInclude Include="Sections\ItemPoint.h">
      <Filter>Header Files</Filter>
    </ClInclude>
    <ClInclude Include="Sections\JugemPoint.h">
      <Filter>Header Files</Filter>
    </ClInclude>
    <ClInclude Include="Sections\KartPoint.h">
      <Filter>Header Files</Filter>
    </ClInclude>
    <ClInclude Include="Sections\MissionPoint.h">
      <Filter>Header Files</Filter>
    </ClInclude>
    <ClInclude Include="Sections\PointInfo.h">
      <Filter>Header Files</Filter>
    </ClInclude>
    <ClInclude Include="Sections\SectionEntries.h">
      <Filter>Header Files</Filter>
    </ClInclude>
    <ClInclude Include="Sections\StageInfo.h">
      <Filter>Header Files</Filter>
    </ClInclude>
    <ClInclude Include="AbstractKMP\Area.h">
      <Filter>Header Files</Filter>
    </ClInclude>
    <ClInclude Include="AbstractKMP\CameraPoints.h">
      <Filter>Header Files</Filter>
    </ClInclude>
    <ClInclude Include="AbstractKMP\CheckPoints.h">
      <Filter>Header Files</Filter>
    </ClInclude>
    <ClInclude Include="AbstractKMP\EnemyRoutes.h">
      <Filter>Header Files</Filter>
    </ClInclude>
    <ClInclude Include="AbstractKMP\GliderRoutes.h">
      <Filter>Header Files</Filter>
    </ClInclude>
    <ClInclude Include="AbstractKMP\ItemRoutes.h">
      <Filter>Header Files</Filter>
    </ClInclude>
    <ClInclude Include="AbstractKMP\KartPoints.h">
      <Filter>Header Files</Filter>
    </ClInclude>
    <ClInclude Include="AbstractKMP\Objects.h">
      <Filter>Header Files</Filter>
    </ClInclude>
    <ClInclude Include="AbstractKMP\RespawnPoints.h">
      <Filter>Header Files</Filter>
    </ClInclude>
    <ClInclude Include="AbstractKMP\Routes.h">
      <Filter>Header Files</Filter>
    </ClInclude>
    <ClInclude Include="AbstractKMP\StageInfo.h">
      <Filter>Header Files</Filter>
    </ClInclude>
    <ClInclude Include="AbstractKMP\StageSettings.h">
      <Filter>Header Files</Filter>
    </ClInclude>
  </ItemGroup>
</Project>